// !$*UTF8*$!
{
	archiveVersion = 1;
	classes = {
	};
	objectVersion = 56;
	objects = {

/* Begin PBXBuildFile section */
		4909FB5B2B22B4B20099EAC7 /* Button+Ext.swift in Sources */ = {isa = PBXBuildFile; fileRef = 4909FB5A2B22B4B20099EAC7 /* Button+Ext.swift */; };
		4909FB5D2B22B5460099EAC7 /* Image+Ext.swift in Sources */ = {isa = PBXBuildFile; fileRef = 4909FB5C2B22B5460099EAC7 /* Image+Ext.swift */; };
		491EEF302B2251FE00CD4B7B /* AppetizersApp.swift in Sources */ = {isa = PBXBuildFile; fileRef = 491EEF2F2B2251FE00CD4B7B /* AppetizersApp.swift */; };
		491EEF322B2251FE00CD4B7B /* AppetizerTabView.swift in Sources */ = {isa = PBXBuildFile; fileRef = 491EEF312B2251FE00CD4B7B /* AppetizerTabView.swift */; };
		491EEF342B2251FF00CD4B7B /* Assets.xcassets in Resources */ = {isa = PBXBuildFile; fileRef = 491EEF332B2251FF00CD4B7B /* Assets.xcassets */; };
		491EEF372B2251FF00CD4B7B /* Preview Assets.xcassets in Resources */ = {isa = PBXBuildFile; fileRef = 491EEF362B2251FF00CD4B7B /* Preview Assets.xcassets */; };
		491EEF3E2B22526100CD4B7B /* AppetizerListView.swift in Sources */ = {isa = PBXBuildFile; fileRef = 491EEF3D2B22526100CD4B7B /* AppetizerListView.swift */; };
		491EEF402B22526900CD4B7B /* AccountView.swift in Sources */ = {isa = PBXBuildFile; fileRef = 491EEF3F2B22526900CD4B7B /* AccountView.swift */; };
		491EEF422B22527000CD4B7B /* OrderView.swift in Sources */ = {isa = PBXBuildFile; fileRef = 491EEF412B22527000CD4B7B /* OrderView.swift */; };
		491EEF442B2256C100CD4B7B /* Appetizer.swift in Sources */ = {isa = PBXBuildFile; fileRef = 491EEF432B2256C100CD4B7B /* Appetizer.swift */; };
		491EEF462B225E1500CD4B7B /* AppetizerListCell.swift in Sources */ = {isa = PBXBuildFile; fileRef = 491EEF452B225E1500CD4B7B /* AppetizerListCell.swift */; };
		491EEF482B225F0500CD4B7B /* NetworkManager.swift in Sources */ = {isa = PBXBuildFile; fileRef = 491EEF472B225F0500CD4B7B /* NetworkManager.swift */; };
		491EEF4A2B225FE600CD4B7B /* APError.swift in Sources */ = {isa = PBXBuildFile; fileRef = 491EEF492B225FE600CD4B7B /* APError.swift */; };
		491EEF4C2B22661D00CD4B7B /* AppetizerListViewModel.swift in Sources */ = {isa = PBXBuildFile; fileRef = 491EEF4B2B22661D00CD4B7B /* AppetizerListViewModel.swift */; };
		491EEF4E2B22689C00CD4B7B /* Alert.swift in Sources */ = {isa = PBXBuildFile; fileRef = 491EEF4D2B22689C00CD4B7B /* Alert.swift */; };
		491EEF502B226C8200CD4B7B /* LoadingView.swift in Sources */ = {isa = PBXBuildFile; fileRef = 491EEF4F2B226C8200CD4B7B /* LoadingView.swift */; };
		491EEF522B22723900CD4B7B /* RemoteImage.swift in Sources */ = {isa = PBXBuildFile; fileRef = 491EEF512B22723900CD4B7B /* RemoteImage.swift */; };
		491EEF612B22784C00CD4B7B /* AppetizerDetailView.swift in Sources */ = {isa = PBXBuildFile; fileRef = 491EEF602B22784C00CD4B7B /* AppetizerDetailView.swift */; };
		491EEF642B227F9100CD4B7B /* APButton.swift in Sources */ = {isa = PBXBuildFile; fileRef = 491EEF632B227F9100CD4B7B /* APButton.swift */; };
		491EEF662B22806900CD4B7B /* XDismissButton.swift in Sources */ = {isa = PBXBuildFile; fileRef = 491EEF652B22806900CD4B7B /* XDismissButton.swift */; };
		491EEF682B22879200CD4B7B /* AccountViewModel.swift in Sources */ = {isa = PBXBuildFile; fileRef = 491EEF672B22879200CD4B7B /* AccountViewModel.swift */; };
		491EEF6B2B22894900CD4B7B /* String+Ext.swift in Sources */ = {isa = PBXBuildFile; fileRef = 491EEF6A2B22894900CD4B7B /* String+Ext.swift */; };
		491EEF6D2B228D6400CD4B7B /* User.swift in Sources */ = {isa = PBXBuildFile; fileRef = 491EEF6C2B228D6400CD4B7B /* User.swift */; };
		491EEF702B2297EE00CD4B7B /* EmptyState.swift in Sources */ = {isa = PBXBuildFile; fileRef = 491EEF6F2B2297EE00CD4B7B /* EmptyState.swift */; };
		491EEF722B229B2200CD4B7B /* Order.swift in Sources */ = {isa = PBXBuildFile; fileRef = 491EEF712B229B2200CD4B7B /* Order.swift */; };
/* End PBXBuildFile section */

/* Begin PBXFileReference section */
		4909FB5A2B22B4B20099EAC7 /* Button+Ext.swift */ = {isa = PBXFileReference; lastKnownFileType = sourcecode.swift; path = "Button+Ext.swift"; sourceTree = "<group>"; };
		4909FB5C2B22B5460099EAC7 /* Image+Ext.swift */ = {isa = PBXFileReference; lastKnownFileType = sourcecode.swift; path = "Image+Ext.swift"; sourceTree = "<group>"; };
		491EEF2C2B2251FE00CD4B7B /* Appetizers.app */ = {isa = PBXFileReference; explicitFileType = wrapper.application; includeInIndex = 0; path = Appetizers.app; sourceTree = BUILT_PRODUCTS_DIR; };
		491EEF2F2B2251FE00CD4B7B /* AppetizersApp.swift */ = {isa = PBXFileReference; lastKnownFileType = sourcecode.swift; path = AppetizersApp.swift; sourceTree = "<group>"; };
		491EEF312B2251FE00CD4B7B /* AppetizerTabView.swift */ = {isa = PBXFileReference; lastKnownFileType = sourcecode.swift; path = AppetizerTabView.swift; sourceTree = "<group>"; };
		491EEF332B2251FF00CD4B7B /* Assets.xcassets */ = {isa = PBXFileReference; lastKnownFileType = folder.assetcatalog; path = Assets.xcassets; sourceTree = "<group>"; };
		491EEF362B2251FF00CD4B7B /* Preview Assets.xcassets */ = {isa = PBXFileReference; lastKnownFileType = folder.assetcatalog; path = "Preview Assets.xcassets"; sourceTree = "<group>"; };
		491EEF3D2B22526100CD4B7B /* AppetizerListView.swift */ = {isa = PBXFileReference; lastKnownFileType = sourcecode.swift; path = AppetizerListView.swift; sourceTree = "<group>"; };
		491EEF3F2B22526900CD4B7B /* AccountView.swift */ = {isa = PBXFileReference; lastKnownFileType = sourcecode.swift; path = AccountView.swift; sourceTree = "<group>"; };
		491EEF412B22527000CD4B7B /* OrderView.swift */ = {isa = PBXFileReference; lastKnownFileType = sourcecode.swift; path = OrderView.swift; sourceTree = "<group>"; };
		491EEF432B2256C100CD4B7B /* Appetizer.swift */ = {isa = PBXFileReference; lastKnownFileType = sourcecode.swift; path = Appetizer.swift; sourceTree = "<group>"; };
		491EEF452B225E1500CD4B7B /* AppetizerListCell.swift */ = {isa = PBXFileReference; lastKnownFileType = sourcecode.swift; path = AppetizerListCell.swift; sourceTree = "<group>"; };
		491EEF472B225F0500CD4B7B /* NetworkManager.swift */ = {isa = PBXFileReference; lastKnownFileType = sourcecode.swift; path = NetworkManager.swift; sourceTree = "<group>"; };
		491EEF492B225FE600CD4B7B /* APError.swift */ = {isa = PBXFileReference; lastKnownFileType = sourcecode.swift; path = APError.swift; sourceTree = "<group>"; };
		491EEF4B2B22661D00CD4B7B /* AppetizerListViewModel.swift */ = {isa = PBXFileReference; lastKnownFileType = sourcecode.swift; path = AppetizerListViewModel.swift; sourceTree = "<group>"; };
		491EEF4D2B22689C00CD4B7B /* Alert.swift */ = {isa = PBXFileReference; lastKnownFileType = sourcecode.swift; path = Alert.swift; sourceTree = "<group>"; };
		491EEF4F2B226C8200CD4B7B /* LoadingView.swift */ = {isa = PBXFileReference; lastKnownFileType = sourcecode.swift; path = LoadingView.swift; sourceTree = "<group>"; };
		491EEF512B22723900CD4B7B /* RemoteImage.swift */ = {isa = PBXFileReference; lastKnownFileType = sourcecode.swift; path = RemoteImage.swift; sourceTree = "<group>"; };
		491EEF602B22784C00CD4B7B /* AppetizerDetailView.swift */ = {isa = PBXFileReference; lastKnownFileType = sourcecode.swift; path = AppetizerDetailView.swift; sourceTree = "<group>"; };
		491EEF632B227F9100CD4B7B /* APButton.swift */ = {isa = PBXFileReference; lastKnownFileType = sourcecode.swift; path = APButton.swift; sourceTree = "<group>"; };
		491EEF652B22806900CD4B7B /* XDismissButton.swift */ = {isa = PBXFileReference; lastKnownFileType = sourcecode.swift; path = XDismissButton.swift; sourceTree = "<group>"; };
		491EEF672B22879200CD4B7B /* AccountViewModel.swift */ = {isa = PBXFileReference; lastKnownFileType = sourcecode.swift; path = AccountViewModel.swift; sourceTree = "<group>"; };
		491EEF6A2B22894900CD4B7B /* String+Ext.swift */ = {isa = PBXFileReference; lastKnownFileType = sourcecode.swift; path = "String+Ext.swift"; sourceTree = "<group>"; };
		491EEF6C2B228D6400CD4B7B /* User.swift */ = {isa = PBXFileReference; lastKnownFileType = sourcecode.swift; path = User.swift; sourceTree = "<group>"; };
		491EEF6F2B2297EE00CD4B7B /* EmptyState.swift */ = {isa = PBXFileReference; lastKnownFileType = sourcecode.swift; path = EmptyState.swift; sourceTree = "<group>"; };
		491EEF712B229B2200CD4B7B /* Order.swift */ = {isa = PBXFileReference; lastKnownFileType = sourcecode.swift; path = Order.swift; sourceTree = "<group>"; };
/* End PBXFileReference section */

/* Begin PBXFrameworksBuildPhase section */
		491EEF292B2251FE00CD4B7B /* Frameworks */ = {
			isa = PBXFrameworksBuildPhase;
			buildActionMask = 2147483647;
			files = (
			);
			runOnlyForDeploymentPostprocessing = 0;
		};
/* End PBXFrameworksBuildPhase section */

/* Begin PBXGroup section */
		491EEF232B2251FE00CD4B7B = {
			isa = PBXGroup;
			children = (
				491EEF2E2B2251FE00CD4B7B /* Appetizers */,
				491EEF2D2B2251FE00CD4B7B /* Products */,
			);
			sourceTree = "<group>";
		};
		491EEF2D2B2251FE00CD4B7B /* Products */ = {
			isa = PBXGroup;
			children = (
				491EEF2C2B2251FE00CD4B7B /* Appetizers.app */,
			);
			name = Products;
			sourceTree = "<group>";
		};
		491EEF2E2B2251FE00CD4B7B /* Appetizers */ = {
			isa = PBXGroup;
			children = (
				491EEF5B2B2276F900CD4B7B /* Models */,
				491EEF572B2276B900CD4B7B /* Utilities */,
				491EEF5C2B22772100CD4B7B /* Views */,
				491EEF532B22766F00CD4B7B /* Screens */,
				491EEF2F2B2251FE00CD4B7B /* AppetizersApp.swift */,
				491EEF332B2251FF00CD4B7B /* Assets.xcassets */,
				491EEF352B2251FF00CD4B7B /* Preview Content */,
			);
			path = Appetizers;
			sourceTree = "<group>";
		};
		491EEF352B2251FF00CD4B7B /* Preview Content */ = {
			isa = PBXGroup;
			children = (
				491EEF362B2251FF00CD4B7B /* Preview Assets.xcassets */,
			);
			path = "Preview Content";
			sourceTree = "<group>";
		};
		491EEF532B22766F00CD4B7B /* Screens */ = {
			isa = PBXGroup;
			children = (
				491EEF312B2251FE00CD4B7B /* AppetizerTabView.swift */,
				491EEF562B22768A00CD4B7B /* OrderView */,
				491EEF552B22768300CD4B7B /* AccountView */,
				491EEF542B22767800CD4B7B /* AppetizerListView */,
			);
			path = Screens;
			sourceTree = "<group>";
		};
		491EEF542B22767800CD4B7B /* AppetizerListView */ = {
			isa = PBXGroup;
			children = (
				491EEF4B2B22661D00CD4B7B /* AppetizerListViewModel.swift */,
				491EEF3D2B22526100CD4B7B /* AppetizerListView.swift */,
				491EEF602B22784C00CD4B7B /* AppetizerDetailView.swift */,
			);
			path = AppetizerListView;
			sourceTree = "<group>";
		};
		491EEF552B22768300CD4B7B /* AccountView */ = {
			isa = PBXGroup;
			children = (
				491EEF672B22879200CD4B7B /* AccountViewModel.swift */,
				491EEF3F2B22526900CD4B7B /* AccountView.swift */,
			);
			path = AccountView;
			sourceTree = "<group>";
		};
		491EEF562B22768A00CD4B7B /* OrderView */ = {
			isa = PBXGroup;
			children = (
				491EEF412B22527000CD4B7B /* OrderView.swift */,
			);
			path = OrderView;
			sourceTree = "<group>";
		};
		491EEF572B2276B900CD4B7B /* Utilities */ = {
			isa = PBXGroup;
			children = (
				491EEF692B22893D00CD4B7B /* Extensions */,
				491EEF5A2B2276DE00CD4B7B /* Alerts */,
				491EEF582B2276C000CD4B7B /* Managers */,
			);
			path = Utilities;
			sourceTree = "<group>";
		};
		491EEF582B2276C000CD4B7B /* Managers */ = {
			isa = PBXGroup;
			children = (
				491EEF472B225F0500CD4B7B /* NetworkManager.swift */,
			);
			path = Managers;
			sourceTree = "<group>";
		};
		491EEF5A2B2276DE00CD4B7B /* Alerts */ = {
			isa = PBXGroup;
			children = (
				491EEF492B225FE600CD4B7B /* APError.swift */,
				491EEF4D2B22689C00CD4B7B /* Alert.swift */,
			);
			path = Alerts;
			sourceTree = "<group>";
		};
		491EEF5B2B2276F900CD4B7B /* Models */ = {
			isa = PBXGroup;
			children = (
				491EEF432B2256C100CD4B7B /* Appetizer.swift */,
				491EEF6C2B228D6400CD4B7B /* User.swift */,
				491EEF712B229B2200CD4B7B /* Order.swift */,
			);
			path = Models;
			sourceTree = "<group>";
		};
		491EEF5C2B22772100CD4B7B /* Views */ = {
			isa = PBXGroup;
			children = (
				491EEF6E2B2297DF00CD4B7B /* Empty States */,
				491EEF622B227F8800CD4B7B /* Buttons */,
				491EEF5F2B22773500CD4B7B /* Image */,
				491EEF5E2B22772F00CD4B7B /* Cells */,
				491EEF5D2B22772600CD4B7B /* Loading */,
			);
			path = Views;
			sourceTree = "<group>";
		};
		491EEF5D2B22772600CD4B7B /* Loading */ = {
			isa = PBXGroup;
			children = (
				491EEF4F2B226C8200CD4B7B /* LoadingView.swift */,
			);
			path = Loading;
			sourceTree = "<group>";
		};
		491EEF5E2B22772F00CD4B7B /* Cells */ = {
			isa = PBXGroup;
			children = (
				491EEF452B225E1500CD4B7B /* AppetizerListCell.swift */,
			);
			path = Cells;
			sourceTree = "<group>";
		};
		491EEF5F2B22773500CD4B7B /* Image */ = {
			isa = PBXGroup;
			children = (
				491EEF512B22723900CD4B7B /* RemoteImage.swift */,
			);
			path = Image;
			sourceTree = "<group>";
		};
		491EEF622B227F8800CD4B7B /* Buttons */ = {
			isa = PBXGroup;
			children = (
				491EEF632B227F9100CD4B7B /* APButton.swift */,
				491EEF652B22806900CD4B7B /* XDismissButton.swift */,
			);
			path = Buttons;
			sourceTree = "<group>";
		};
		491EEF692B22893D00CD4B7B /* Extensions */ = {
			isa = PBXGroup;
			children = (
				491EEF6A2B22894900CD4B7B /* String+Ext.swift */,
				4909FB5A2B22B4B20099EAC7 /* Button+Ext.swift */,
				4909FB5C2B22B5460099EAC7 /* Image+Ext.swift */,
			);
			path = Extensions;
			sourceTree = "<group>";
		};
		491EEF6E2B2297DF00CD4B7B /* Empty States */ = {
			isa = PBXGroup;
			children = (
				491EEF6F2B2297EE00CD4B7B /* EmptyState.swift */,
			);
			path = "Empty States";
			sourceTree = "<group>";
		};
/* End PBXGroup section */

/* Begin PBXNativeTarget section */
		491EEF2B2B2251FE00CD4B7B /* Appetizers */ = {
			isa = PBXNativeTarget;
			buildConfigurationList = 491EEF3A2B2251FF00CD4B7B /* Build configuration list for PBXNativeTarget "Appetizers" */;
			buildPhases = (
				491EEF282B2251FE00CD4B7B /* Sources */,
				491EEF292B2251FE00CD4B7B /* Frameworks */,
				491EEF2A2B2251FE00CD4B7B /* Resources */,
			);
			buildRules = (
			);
			dependencies = (
			);
			name = Appetizers;
			productName = Appetizers;
			productReference = 491EEF2C2B2251FE00CD4B7B /* Appetizers.app */;
			productType = "com.apple.product-type.application";
		};
/* End PBXNativeTarget section */

/* Begin PBXProject section */
		491EEF242B2251FE00CD4B7B /* Project object */ = {
			isa = PBXProject;
			attributes = {
				BuildIndependentTargetsInParallel = 1;
				LastSwiftUpdateCheck = 1500;
				LastUpgradeCheck = 1500;
				TargetAttributes = {
					491EEF2B2B2251FE00CD4B7B = {
						CreatedOnToolsVersion = 15.0.1;
					};
				};
			};
			buildConfigurationList = 491EEF272B2251FE00CD4B7B /* Build configuration list for PBXProject "Appetizers" */;
			compatibilityVersion = "Xcode 14.0";
			developmentRegion = en;
			hasScannedForEncodings = 0;
			knownRegions = (
				en,
				Base,
			);
			mainGroup = 491EEF232B2251FE00CD4B7B;
			productRefGroup = 491EEF2D2B2251FE00CD4B7B /* Products */;
			projectDirPath = "";
			projectRoot = "";
			targets = (
				491EEF2B2B2251FE00CD4B7B /* Appetizers */,
			);
		};
/* End PBXProject section */

/* Begin PBXResourcesBuildPhase section */
		491EEF2A2B2251FE00CD4B7B /* Resources */ = {
			isa = PBXResourcesBuildPhase;
			buildActionMask = 2147483647;
			files = (
				491EEF372B2251FF00CD4B7B /* Preview Assets.xcassets in Resources */,
				491EEF342B2251FF00CD4B7B /* Assets.xcassets in Resources */,
			);
			runOnlyForDeploymentPostprocessing = 0;
		};
/* End PBXResourcesBuildPhase section */

/* Begin PBXSourcesBuildPhase section */
		491EEF282B2251FE00CD4B7B /* Sources */ = {
			isa = PBXSourcesBuildPhase;
			buildActionMask = 2147483647;
			files = (
				491EEF6B2B22894900CD4B7B /* String+Ext.swift in Sources */,
				491EEF442B2256C100CD4B7B /* Appetizer.swift in Sources */,
				491EEF4A2B225FE600CD4B7B /* APError.swift in Sources */,
				491EEF462B225E1500CD4B7B /* AppetizerListCell.swift in Sources */,
				491EEF642B227F9100CD4B7B /* APButton.swift in Sources */,
				491EEF4C2B22661D00CD4B7B /* AppetizerListViewModel.swift in Sources */,
				491EEF722B229B2200CD4B7B /* Order.swift in Sources */,
				491EEF402B22526900CD4B7B /* AccountView.swift in Sources */,
				491EEF702B2297EE00CD4B7B /* EmptyState.swift in Sources */,
				491EEF502B226C8200CD4B7B /* LoadingView.swift in Sources */,
				491EEF522B22723900CD4B7B /* RemoteImage.swift in Sources */,
				4909FB5B2B22B4B20099EAC7 /* Button+Ext.swift in Sources */,
				491EEF322B2251FE00CD4B7B /* AppetizerTabView.swift in Sources */,
				491EEF612B22784C00CD4B7B /* AppetizerDetailView.swift in Sources */,
				491EEF482B225F0500CD4B7B /* NetworkManager.swift in Sources */,
				491EEF302B2251FE00CD4B7B /* AppetizersApp.swift in Sources */,
				4909FB5D2B22B5460099EAC7 /* Image+Ext.swift in Sources */,
				491EEF4E2B22689C00CD4B7B /* Alert.swift in Sources */,
				491EEF3E2B22526100CD4B7B /* AppetizerListView.swift in Sources */,
				491EEF422B22527000CD4B7B /* OrderView.swift in Sources */,
				491EEF682B22879200CD4B7B /* AccountViewModel.swift in Sources */,
				491EEF662B22806900CD4B7B /* XDismissButton.swift in Sources */,
				491EEF6D2B228D6400CD4B7B /* User.swift in Sources */,
			);
			runOnlyForDeploymentPostprocessing = 0;
		};
/* End PBXSourcesBuildPhase section */

/* Begin XCBuildConfiguration section */
		491EEF382B2251FF00CD4B7B /* Debug */ = {
			isa = XCBuildConfiguration;
			buildSettings = {
				ALWAYS_SEARCH_USER_PATHS = NO;
				ASSETCATALOG_COMPILER_GENERATE_SWIFT_ASSET_SYMBOL_EXTENSIONS = YES;
				CLANG_ANALYZER_NONNULL = YES;
				CLANG_ANALYZER_NUMBER_OBJECT_CONVERSION = YES_AGGRESSIVE;
				CLANG_CXX_LANGUAGE_STANDARD = "gnu++20";
				CLANG_ENABLE_MODULES = YES;
				CLANG_ENABLE_OBJC_ARC = YES;
				CLANG_ENABLE_OBJC_WEAK = YES;
				CLANG_WARN_BLOCK_CAPTURE_AUTORELEASING = YES;
				CLANG_WARN_BOOL_CONVERSION = YES;
				CLANG_WARN_COMMA = YES;
				CLANG_WARN_CONSTANT_CONVERSION = YES;
				CLANG_WARN_DEPRECATED_OBJC_IMPLEMENTATIONS = YES;
				CLANG_WARN_DIRECT_OBJC_ISA_USAGE = YES_ERROR;
				CLANG_WARN_DOCUMENTATION_COMMENTS = YES;
				CLANG_WARN_EMPTY_BODY = YES;
				CLANG_WARN_ENUM_CONVERSION = YES;
				CLANG_WARN_INFINITE_RECURSION = YES;
				CLANG_WARN_INT_CONVERSION = YES;
				CLANG_WARN_NON_LITERAL_NULL_CONVERSION = YES;
				CLANG_WARN_OBJC_IMPLICIT_RETAIN_SELF = YES;
				CLANG_WARN_OBJC_LITERAL_CONVERSION = YES;
				CLANG_WARN_OBJC_ROOT_CLASS = YES_ERROR;
				CLANG_WARN_QUOTED_INCLUDE_IN_FRAMEWORK_HEADER = YES;
				CLANG_WARN_RANGE_LOOP_ANALYSIS = YES;
				CLANG_WARN_STRICT_PROTOTYPES = YES;
				CLANG_WARN_SUSPICIOUS_MOVE = YES;
				CLANG_WARN_UNGUARDED_AVAILABILITY = YES_AGGRESSIVE;
				CLANG_WARN_UNREACHABLE_CODE = YES;
				CLANG_WARN__DUPLICATE_METHOD_MATCH = YES;
				COPY_PHASE_STRIP = NO;
				DEBUG_INFORMATION_FORMAT = dwarf;
				ENABLE_STRICT_OBJC_MSGSEND = YES;
				ENABLE_TESTABILITY = YES;
				ENABLE_USER_SCRIPT_SANDBOXING = YES;
				GCC_C_LANGUAGE_STANDARD = gnu17;
				GCC_DYNAMIC_NO_PIC = NO;
				GCC_NO_COMMON_BLOCKS = YES;
				GCC_OPTIMIZATION_LEVEL = 0;
				GCC_PREPROCESSOR_DEFINITIONS = (
					"DEBUG=1",
					"$(inherited)",
				);
				GCC_WARN_64_TO_32_BIT_CONVERSION = YES;
				GCC_WARN_ABOUT_RETURN_TYPE = YES_ERROR;
				GCC_WARN_UNDECLARED_SELECTOR = YES;
				GCC_WARN_UNINITIALIZED_AUTOS = YES_AGGRESSIVE;
				GCC_WARN_UNUSED_FUNCTION = YES;
				GCC_WARN_UNUSED_VARIABLE = YES;
				IPHONEOS_DEPLOYMENT_TARGET = 17.0;
				LOCALIZATION_PREFERS_STRING_CATALOGS = YES;
				MTL_ENABLE_DEBUG_INFO = INCLUDE_SOURCE;
				MTL_FAST_MATH = YES;
				ONLY_ACTIVE_ARCH = YES;
				SDKROOT = iphoneos;
				SWIFT_ACTIVE_COMPILATION_CONDITIONS = "DEBUG $(inherited)";
				SWIFT_OPTIMIZATION_LEVEL = "-Onone";
			};
			name = Debug;
		};
		491EEF392B2251FF00CD4B7B /* Release */ = {
			isa = XCBuildConfiguration;
			buildSettings = {
				ALWAYS_SEARCH_USER_PATHS = NO;
				ASSETCATALOG_COMPILER_GENERATE_SWIFT_ASSET_SYMBOL_EXTENSIONS = YES;
				CLANG_ANALYZER_NONNULL = YES;
				CLANG_ANALYZER_NUMBER_OBJECT_CONVERSION = YES_AGGRESSIVE;
				CLANG_CXX_LANGUAGE_STANDARD = "gnu++20";
				CLANG_ENABLE_MODULES = YES;
				CLANG_ENABLE_OBJC_ARC = YES;
				CLANG_ENABLE_OBJC_WEAK = YES;
				CLANG_WARN_BLOCK_CAPTURE_AUTORELEASING = YES;
				CLANG_WARN_BOOL_CONVERSION = YES;
				CLANG_WARN_COMMA = YES;
				CLANG_WARN_CONSTANT_CONVERSION = YES;
				CLANG_WARN_DEPRECATED_OBJC_IMPLEMENTATIONS = YES;
				CLANG_WARN_DIRECT_OBJC_ISA_USAGE = YES_ERROR;
				CLANG_WARN_DOCUMENTATION_COMMENTS = YES;
				CLANG_WARN_EMPTY_BODY = YES;
				CLANG_WARN_ENUM_CONVERSION = YES;
				CLANG_WARN_INFINITE_RECURSION = YES;
				CLANG_WARN_INT_CONVERSION = YES;
				CLANG_WARN_NON_LITERAL_NULL_CONVERSION = YES;
				CLANG_WARN_OBJC_IMPLICIT_RETAIN_SELF = YES;
				CLANG_WARN_OBJC_LITERAL_CONVERSION = YES;
				CLANG_WARN_OBJC_ROOT_CLASS = YES_ERROR;
				CLANG_WARN_QUOTED_INCLUDE_IN_FRAMEWORK_HEADER = YES;
				CLANG_WARN_RANGE_LOOP_ANALYSIS = YES;
				CLANG_WARN_STRICT_PROTOTYPES = YES;
				CLANG_WARN_SUSPICIOUS_MOVE = YES;
				CLANG_WARN_UNGUARDED_AVAILABILITY = YES_AGGRESSIVE;
				CLANG_WARN_UNREACHABLE_CODE = YES;
				CLANG_WARN__DUPLICATE_METHOD_MATCH = YES;
				COPY_PHASE_STRIP = NO;
				DEBUG_INFORMATION_FORMAT = "dwarf-with-dsym";
				ENABLE_NS_ASSERTIONS = NO;
				ENABLE_STRICT_OBJC_MSGSEND = YES;
				ENABLE_USER_SCRIPT_SANDBOXING = YES;
				GCC_C_LANGUAGE_STANDARD = gnu17;
				GCC_NO_COMMON_BLOCKS = YES;
				GCC_WARN_64_TO_32_BIT_CONVERSION = YES;
				GCC_WARN_ABOUT_RETURN_TYPE = YES_ERROR;
				GCC_WARN_UNDECLARED_SELECTOR = YES;
				GCC_WARN_UNINITIALIZED_AUTOS = YES_AGGRESSIVE;
				GCC_WARN_UNUSED_FUNCTION = YES;
				GCC_WARN_UNUSED_VARIABLE = YES;
				IPHONEOS_DEPLOYMENT_TARGET = 17.0;
				LOCALIZATION_PREFERS_STRING_CATALOGS = YES;
				MTL_ENABLE_DEBUG_INFO = NO;
				MTL_FAST_MATH = YES;
				SDKROOT = iphoneos;
				SWIFT_COMPILATION_MODE = wholemodule;
				VALIDATE_PRODUCT = YES;
			};
			name = Release;
		};
		491EEF3B2B2251FF00CD4B7B /* Debug */ = {
			isa = XCBuildConfiguration;
			buildSettings = {
				ASSETCATALOG_COMPILER_APPICON_NAME = AppIcon;
				ASSETCATALOG_COMPILER_GLOBAL_ACCENT_COLOR_NAME = AccentColor;
				CODE_SIGN_STYLE = Automatic;
				CURRENT_PROJECT_VERSION = 1;
				DEVELOPMENT_ASSET_PATHS = "\"Appetizers/Preview Content\"";
				DEVELOPMENT_TEAM = MRKVA8MLPY;
				ENABLE_PREVIEWS = YES;
				GENERATE_INFOPLIST_FILE = YES;
				INFOPLIST_KEY_UIApplicationSceneManifest_Generation = YES;
				INFOPLIST_KEY_UIApplicationSupportsIndirectInputEvents = YES;
				INFOPLIST_KEY_UILaunchScreen_Generation = YES;
				INFOPLIST_KEY_UISupportedInterfaceOrientations = UIInterfaceOrientationPortrait;
				INFOPLIST_KEY_UISupportedInterfaceOrientations_iPad = "UIInterfaceOrientationLandscapeLeft UIInterfaceOrientationLandscapeRight UIInterfaceOrientationPortrait UIInterfaceOrientationPortraitUpsideDown";
				LD_RUNPATH_SEARCH_PATHS = (
					"$(inherited)",
					"@executable_path/Frameworks",
				);
				MARKETING_VERSION = 1.0;
				PRODUCT_BUNDLE_IDENTIFIER = com.lutzzdias.Appetizers;
				PRODUCT_NAME = "$(TARGET_NAME)";
				SUPPORTED_PLATFORMS = "iphoneos iphonesimulator";
				SUPPORTS_MACCATALYST = NO;
				SUPPORTS_MAC_DESIGNED_FOR_IPHONE_IPAD = NO;
				SWIFT_EMIT_LOC_STRINGS = YES;
				SWIFT_VERSION = 5.0;
				TARGETED_DEVICE_FAMILY = 1;
			};
			name = Debug;
		};
		491EEF3C2B2251FF00CD4B7B /* Release */ = {
			isa = XCBuildConfiguration;
			buildSettings = {
				ASSETCATALOG_COMPILER_APPICON_NAME = AppIcon;
				ASSETCATALOG_COMPILER_GLOBAL_ACCENT_COLOR_NAME = AccentColor;
				CODE_SIGN_STYLE = Automatic;
				CURRENT_PROJECT_VERSION = 1;
				DEVELOPMENT_ASSET_PATHS = "\"Appetizers/Preview Content\"";
				DEVELOPMENT_TEAM = MRKVA8MLPY;
				ENABLE_PREVIEWS = YES;
				GENERATE_INFOPLIST_FILE = YES;
				INFOPLIST_KEY_UIApplicationSceneManifest_Generation = YES;
				INFOPLIST_KEY_UIApplicationSupportsIndirectInputEvents = YES;
				INFOPLIST_KEY_UILaunchScreen_Generation = YES;
				INFOPLIST_KEY_UISupportedInterfaceOrientations = UIInterfaceOrientationPortrait;
				INFOPLIST_KEY_UISupportedInterfaceOrientations_iPad = "UIInterfaceOrientationLandscapeLeft UIInterfaceOrientationLandscapeRight UIInterfaceOrientationPortrait UIInterfaceOrientationPortraitUpsideDown";
				LD_RUNPATH_SEARCH_PATHS = (
					"$(inherited)",
					"@executable_path/Frameworks",
				);
				MARKETING_VERSION = 1.0;
				PRODUCT_BUNDLE_IDENTIFIER = com.lutzzdias.Appetizers;
				PRODUCT_NAME = "$(TARGET_NAME)";
				SUPPORTED_PLATFORMS = "iphoneos iphonesimulator";
				SUPPORTS_MACCATALYST = NO;
				SUPPORTS_MAC_DESIGNED_FOR_IPHONE_IPAD = NO;
				SWIFT_EMIT_LOC_STRINGS = YES;
				SWIFT_VERSION = 5.0;
				TARGETED_DEVICE_FAMILY = 1;
			};
			name = Release;
		};
/* End XCBuildConfiguration section */

/* Begin XCConfigurationList section */
		491EEF272B2251FE00CD4B7B /* Build configuration list for PBXProject "Appetizers" */ = {
			isa = XCConfigurationList;
			buildConfigurations = (
				491EEF382B2251FF00CD4B7B /* Debug */,
				491EEF392B2251FF00CD4B7B /* Release */,
			);
			defaultConfigurationIsVisible = 0;
			defaultConfigurationName = Release;
		};
		491EEF3A2B2251FF00CD4B7B /* Build configuration list for PBXNativeTarget "Appetizers" */ = {
			isa = XCConfigurationList;
			buildConfigurations = (
				491EEF3B2B2251FF00CD4B7B /* Debug */,
				491EEF3C2B2251FF00CD4B7B /* Release */,
			);
			defaultConfigurationIsVisible = 0;
			defaultConfigurationName = Release;
		};
/* End XCConfigurationList section */
	};
	rootObject = 491EEF242B2251FE00CD4B7B /* Project object */;
}
